{
  "name": "discord-rpc",
  "version": "1.0.0",
  "lockfileVersion": 1,
  "requires": true,
  "dependencies": {
    "discord-rpc": {
      "version": "3.2.0",
      "resolved": "https://registry.npmjs.org/discord-rpc/-/discord-rpc-3.2.0.tgz",
      "integrity": "sha512-KJv0EVbGMlr04HoG6f5b3wD7X9kSHzQ2Ed2qfHSDvYJ1MkE8RbCQmMcQQrSvAxpfsqZgUjB/bsfi/mjyicCH+A==",
      "requires": {
        "node-fetch": "^2.6.1",
        "ws": "^7.3.1"
      }
    }
  }
}
